#MicroXplorer Configuration settings - do not modify
CAD.formats=[]
CAD.pinconfig=Dual
CAD.provider=Component Search Engine
ETH.IPParameters=MediaInterface
ETH.MediaInterface=ETH_MEDIA_INTERFACE_RMII
File.Version=6
GPIO.groupedBy=Group By Peripherals
KeepUserPlacement=false
Mcu.CPN=STM32F107RBT6
Mcu.Family=STM32F1
Mcu.IP0=ETH
Mcu.IP1=NVIC
Mcu.IP2=RCC
Mcu.IP3=SYS
Mcu.IP4=TIM3
Mcu.IP5=USART1
Mcu.IP6=USB_OTG_FS
Mcu.IPNb=7
Mcu.Name=STM32F107R(B-C)Tx
Mcu.Package=LQFP64
Mcu.Pin0=PD0-OSC_IN
Mcu.Pin1=PD1-OSC_OUT
Mcu.Pin10=PB13
Mcu.Pin11=PA8
Mcu.Pin12=PA11
Mcu.Pin13=PA12
Mcu.Pin14=PA13
Mcu.Pin15=PA14
Mcu.Pin16=PA15
Mcu.Pin17=PB3
Mcu.Pin18=PB4
Mcu.Pin19=PB6
Mcu.Pin2=PC1
Mcu.Pin20=PB7
Mcu.Pin21=VP_SYS_VS_Systick
Mcu.Pin22=VP_TIM3_VS_ClockSourceINT
Mcu.Pin23=VP_TIM3_VS_no_output1
Mcu.Pin24=VP_TIM3_VS_no_output2
Mcu.Pin25=VP_TIM3_VS_no_output3
Mcu.Pin26=VP_TIM3_VS_no_output4
Mcu.Pin3=PA1
Mcu.Pin4=PA2
Mcu.Pin5=PA7
Mcu.Pin6=PC4
Mcu.Pin7=PC5
Mcu.Pin8=PB11
Mcu.Pin9=PB12
Mcu.PinsNb=27
Mcu.ThirdPartyNb=0
Mcu.UserConstants=
Mcu.UserName=STM32F107RBTx
MxCube.Version=6.16.1
MxDb.Version=DB.6.0.161
NVIC.BusFault_IRQn=true\:0\:0\:false\:false\:true\:false\:false\:false
NVIC.DebugMonitor_IRQn=true\:0\:0\:false\:false\:true\:false\:false\:false
NVIC.ForceEnableDMAVector=true
NVIC.HardFault_IRQn=true\:0\:0\:false\:false\:true\:false\:false\:false
NVIC.MemoryManagement_IRQn=true\:0\:0\:false\:false\:true\:false\:false\:false
NVIC.NonMaskableInt_IRQn=true\:0\:0\:false\:false\:true\:false\:false\:false
NVIC.PendSV_IRQn=true\:0\:0\:false\:false\:true\:false\:false\:false
NVIC.PriorityGroup=NVIC_PRIORITYGROUP_4
NVIC.SVCall_IRQn=true\:0\:0\:false\:false\:true\:false\:false\:false
NVIC.SysTick_IRQn=true\:15\:0\:false\:false\:true\:false\:true\:false
NVIC.UsageFault_IRQn=true\:0\:0\:false\:false\:true\:false\:false\:false
PA1.Mode=RMII
PA1.Signal=ETH_REF_CLK
PA11.Mode=Device_Only
PA11.Signal=USB_OTG_FS_DM
PA12.Mode=Device_Only
PA12.Signal=USB_OTG_FS_DP
PA13.Mode=JTAG_5_pins
PA13.Signal=SYS_JTMS-SWDIO
PA14.Mode=JTAG_5_pins
PA14.Signal=SYS_JTCK-SWCLK
PA15.Mode=JTAG_5_pins
PA15.Signal=SYS_JTDI
PA2.Mode=RMII
PA2.Signal=ETH_MDIO
PA7.Mode=RMII
PA7.Signal=ETH_CRS_DV
PA8.Mode=Clock-out
PA8.Signal=RCC_MCO
PB11.Mode=RMII
PB11.Signal=ETH_TX_EN
PB12.Mode=RMII
PB12.Signal=ETH_TXD0
PB13.Mode=RMII
PB13.Signal=ETH_TXD1
PB3.Mode=JTAG_5_pins
PB3.Signal=SYS_JTDO
PB4.Mode=JTAG_5_pins
PB4.Signal=SYS_NJTRST
PB6.Mode=Asynchronous
PB6.Signal=USART1_TX
PB7.Mode=Asynchronous
PB7.Signal=USART1_RX
PC1.Mode=RMII
PC1.Signal=ETH_MDC
PC4.Mode=RMII
PC4.Signal=ETH_RXD0
PC5.Mode=RMII
PC5.Signal=ETH_RXD1
PCC.Checker=false
PCC.Line=STM32F105/107
PCC.MCU=STM32F107R(B-C)Tx
PCC.PartNumber=STM32F107RBTx
PCC.Seq0=2
PCC.Seq0.Step0.Average_Current=38.37 mA
PCC.Seq0.Step0.CPU_Frequency=72 MHz
PCC.Seq0.Step0.Category=In DS Table
PCC.Seq0.Step0.DMIPS=61.0
PCC.Seq0.Step0.Duration=1 ms
PCC.Seq0.Step0.Frequency=8 MHz
PCC.Seq0.Step0.Memory=FLASH
PCC.Seq0.Step0.Mode=RUN
PCC.Seq0.Step0.Oscillator=HSE PLL
PCC.Seq0.Step0.Peripherals=APB1_Bridge APB2_Bridge ETH GPIOA GPIOB GPIOC GPIOD TIM3 USART1 USB_OTG_FS
PCC.Seq0.Step0.TaMax=99.3
PCC.Seq0.Step0.User's_Consumption=0 mA
PCC.Seq0.Step0.Vcore=No Scale
PCC.Seq0.Step0.Vdd=3.3
PCC.Seq0.Step0.Voltage_Source=Battery
PCC.Seq0.Step1.Average_Current=26 \u00B5A
PCC.Seq0.Step1.CPU_Frequency=0 Hz
PCC.Seq0.Step1.Category=In DS Table
PCC.Seq0.Step1.DMIPS=0.0
PCC.Seq0.Step1.Duration=1 ms
PCC.Seq0.Step1.Frequency=0 Hz
PCC.Seq0.Step1.Memory=n/a
PCC.Seq0.Step1.Mode=STOP
PCC.Seq0.Step1.Oscillator=Regulator_LP
PCC.Seq0.Step1.Peripherals=
PCC.Seq0.Step1.TaMax=105
PCC.Seq0.Step1.User's_Consumption=0 mA
PCC.Seq0.Step1.Vcore=No Scale
PCC.Seq0.Step1.Vdd=3.3
PCC.Seq0.Step1.Voltage_Source=Battery
PCC.Series=STM32F1
PCC.Temperature=25
PCC.Vdd=3.3
PD0-OSC_IN.Mode=HSE-External-Oscillator
PD0-OSC_IN.Signal=RCC_OSC_IN
PD1-OSC_OUT.Mode=HSE-External-Oscillator
PD1-OSC_OUT.Signal=RCC_OSC_OUT
PinOutPanel.RotationAngle=0
ProjectManager.AskForMigrate=true
ProjectManager.BackupPrevious=false
ProjectManager.CompilerLinker=GCC
ProjectManager.CompilerOptimize=6
ProjectManager.ComputerToolchain=false
ProjectManager.CoupleFile=false
ProjectManager.CustomerFirmwarePackage=
ProjectManager.DefaultFWLocation=true
ProjectManager.DeletePrevious=true
ProjectManager.DeviceId=STM32F107RBTx
ProjectManager.FirmwarePackage=STM32Cube FW_F1 V1.8.6
ProjectManager.FreePins=false
ProjectManager.FreePinsContext=
ProjectManager.HalAssertFull=false
ProjectManager.HeapSize=0x200
ProjectManager.KeepUserCode=true
ProjectManager.LastFirmware=false
ProjectManager.LibraryCopy=0
ProjectManager.MainLocation=Core/Src
ProjectManager.NoMain=false
ProjectManager.PreviousToolchain=
ProjectManager.ProjectBuild=false
ProjectManager.ProjectFileName=FatChudRuns.ioc
ProjectManager.ProjectName=FatChudRuns
ProjectManager.ProjectStructure=
ProjectManager.RegisterCallBack=
ProjectManager.StackSize=0x400
ProjectManager.TargetToolchain=EWARM V8.32
ProjectManager.ToolChainLocation=
ProjectManager.UAScriptAfterPath=
ProjectManager.UAScriptBeforePath=
ProjectManager.UnderRoot=false
ProjectManager.functionlistsort=1-SystemClock_Config-RCC-false-HAL-false,2-MX_GPIO_Init-GPIO-false-HAL-true,3-MX_ETH_Init-ETH-false-HAL-true,4-MX_TIM3_Init-TIM3-false-HAL-true,5-MX_USART1_UART_Init-USART1-false-HAL-true,6-MX_USB_OTG_FS_PCD_Init-USB_OTG_FS-false-HAL-true
RCC.ADCFreqValue=12000000
RCC.ADCPresc=RCC_ADCPCLK2_DIV6
RCC.AHBFreq_Value=72000000
RCC.APB1CLKDivider=RCC_HCLK_DIV2
RCC.APB1Freq_Value=36000000
RCC.APB1TimFreq_Value=72000000
RCC.APB2Freq_Value=72000000
RCC.APB2TimFreq_Value=72000000
RCC.FCLKCortexFreq_Value=72000000
RCC.FamilyName=M
RCC.HCLKFreq_Value=72000000
RCC.HSEDivPLL=RCC_HSE_PREDIV_DIV5
RCC.HSE_VALUE=25000000
RCC.I2S2Freq_Value=72000000
RCC.I2S3Freq_Value=72000000
RCC.IPParameters=ADCFreqValue,ADCPresc,AHBFreq_Value,APB1CLKDivider,APB1Freq_Value,APB1TimFreq_Value,APB2Freq_Value,APB2TimFreq_Value,FCLKCortexFreq_Value,FamilyName,HCLKFreq_Value,HSEDivPLL,HSE_VALUE,I2S2Freq_Value,I2S3Freq_Value,MCOFreq_Value,PLL2CLKoutputFreqValue,PLL2VCOoutputFreqValue,PLL3CLKoutputFreqValue,PLL3Mul,PLL3VCOoutputFreqValue,PLLCLKFreq_Value,PLLMUL,PLLSourceVirtual,Prediv1Source,Prediv2,Prediv2FreqValue,RCC_MCOSource,RTCFreq_Value,SYSCLKFreq_VALUE,SYSCLKSource,TimSysFreq_Value,USBFreq_Value,VCOOutput2Freq_Value
RCC.MCOFreq_Value=50000000
RCC.PLL2CLKoutputFreqValue=40000000
RCC.PLL2VCOoutputFreqValue=80000000
RCC.PLL3CLKoutputFreqValue=50000000
RCC.PLL3Mul=RCC_PLLI2S_MUL10
RCC.PLL3VCOoutputFreqValue=100000000
RCC.PLLCLKFreq_Value=72000000
RCC.PLLMUL=RCC_PLL_MUL9
RCC.PLLSourceVirtual=RCC_PLLSOURCE_HSE
RCC.Prediv1Source=RCC_PREDIV1_SOURCE_PLL2
RCC.Prediv2=RCC_HSE_PREDIV2_DIV5
RCC.Prediv2FreqValue=5000000
RCC.RCC_MCOSource=RCC_MCO1SOURCE_PLL3CLK
RCC.RTCFreq_Value=40000
RCC.SYSCLKFreq_VALUE=72000000
RCC.SYSCLKSource=RCC_SYSCLKSOURCE_PLLCLK
RCC.TimSysFreq_Value=72000000
RCC.USBFreq_Value=48000000
RCC.VCOOutput2Freq_Value=8000000
TIM3.Channel-PWM\ Generation1\ No\ Output=TIM_CHANNEL_1
TIM3.Channel-PWM\ Generation2\ No\ Output=TIM_CHANNEL_2
TIM3.Channel-PWM\ Generation3\ No\ Output=TIM_CHANNEL_3
TIM3.Channel-PWM\ Generation4\ No\ Output=TIM_CHANNEL_4
TIM3.IPParameters=OC2Preload_PWM,OC3Preload_PWM,Channel-PWM Generation1 No Output,Channel-PWM Generation2 No Output,Channel-PWM Generation3 No Output,Channel-PWM Generation4 No Output
TIM3.OC2Preload_PWM=ENABLE
TIM3.OC3Preload_PWM=ENABLE
USART1.IPParameters=VirtualMode
USART1.VirtualMode=VM_ASYNC
USB_OTG_FS.IPParameters=VirtualMode
USB_OTG_FS.VirtualMode=Device_Only
VP_SYS_VS_Systick.Mode=SysTick
VP_SYS_VS_Systick.Signal=SYS_VS_Systick
VP_TIM3_VS_ClockSourceINT.Mode=Internal
VP_TIM3_VS_ClockSourceINT.Signal=TIM3_VS_ClockSourceINT
VP_TIM3_VS_no_output1.Mode=PWM Generation1 No Output
VP_TIM3_VS_no_output1.Signal=TIM3_VS_no_output1
VP_TIM3_VS_no_output2.Mode=PWM Generation2 No Output
VP_TIM3_VS_no_output2.Signal=TIM3_VS_no_output2
VP_TIM3_VS_no_output3.Mode=PWM Generation3 No Output
VP_TIM3_VS_no_output3.Signal=TIM3_VS_no_output3
VP_TIM3_VS_no_output4.Mode=PWM Generation4 No Output
VP_TIM3_VS_no_output4.Signal=TIM3_VS_no_output4
board=custom
